dependencies:
- name: postgresql
  repository: https://repo.helmforge.dev
  version: 1.9.4
- name: cert-manager
  repository: https://charts.jetstack.io
  version: v1.17.2
- name: ingress-nginx
  repository: https://kubernetes.github.io/ingress-nginx
  version: 4.12.1
digest: sha256:b44d7c1bdb84a67b5867648b0e13154a28c30532e679770e941bac81c7e71f29
generated: "2026-04-06T15:19:09.651616-07:00"
