dependencies:
- name: postgresql
  repository: https://repo.helmforge.dev
  version: 1.9.4
- name: cert-manager
  repository: https://charts.jetstack.io
  version: v1.17.2
- name: ingress-nginx
  repository: https://kubernetes.github.io/ingress-nginx
  version: 4.12.1
- name: replicated
  repository: oci://registry.replicated.com/library
  version: 1.19.0
digest: sha256:0dbd2a0070c41e29035b89d935b5bcbfb8285b83a3686534151750322e9f8e51
generated: "2026-04-07T12:59:29.207266-07:00"
